
Microsoft Visual Studio Solution File, Format Version 9.00
# Visual Studio 2005
Project("{8BC9CEB8-8B4A-11D0-8D11-00A0C91BC942}") = "G7A_MEM", "G7A_MEM.vcproj", "{B714AF8F-1374-43D4-8707-4BCD54E9D858}"
EndProject
Project("{8BC9CEB8-8B4A-11D0-8D11-00A0C91BC942}") = "libs", "libs\libs.vcproj", "{99CCCC0B-644E-40EA-A988-F19FF1D9979D}"
EndProject
Global
	GlobalSection(SolutionConfigurationPlatforms) = preSolution
		SAME53_Debug|Win32 = SAME53_Debug|Win32
		SAME53_Release|Win32 = SAME53_Release|Win32
		XMC48_Debug|Win32 = XMC48_Debug|Win32
		XMC48_Release|Win32 = XMC48_Release|Win32
	EndGlobalSection
	GlobalSection(ProjectConfigurationPlatforms) = postSolution
		{B714AF8F-1374-43D4-8707-4BCD54E9D858}.SAME53_Debug|Win32.ActiveCfg = SAME53_Debug|Win32
		{B714AF8F-1374-43D4-8707-4BCD54E9D858}.SAME53_Debug|Win32.Build.0 = SAME53_Debug|Win32
		{B714AF8F-1374-43D4-8707-4BCD54E9D858}.SAME53_Release|Win32.ActiveCfg = SAME53_Release|Win32
		{B714AF8F-1374-43D4-8707-4BCD54E9D858}.SAME53_Release|Win32.Build.0 = SAME53_Release|Win32
		{B714AF8F-1374-43D4-8707-4BCD54E9D858}.XMC48_Debug|Win32.ActiveCfg = XMC48_Debug|Win32
		{B714AF8F-1374-43D4-8707-4BCD54E9D858}.XMC48_Debug|Win32.Build.0 = XMC48_Debug|Win32
		{B714AF8F-1374-43D4-8707-4BCD54E9D858}.XMC48_Release|Win32.ActiveCfg = XMC48_Release|Win32
		{B714AF8F-1374-43D4-8707-4BCD54E9D858}.XMC48_Release|Win32.Build.0 = XMC48_Release|Win32
		{99CCCC0B-644E-40EA-A988-F19FF1D9979D}.SAME53_Debug|Win32.ActiveCfg = SAME53_Debug|Win32
		{99CCCC0B-644E-40EA-A988-F19FF1D9979D}.SAME53_Debug|Win32.Build.0 = SAME53_Debug|Win32
		{99CCCC0B-644E-40EA-A988-F19FF1D9979D}.SAME53_Release|Win32.ActiveCfg = SAME53_Release|Win32
		{99CCCC0B-644E-40EA-A988-F19FF1D9979D}.SAME53_Release|Win32.Build.0 = SAME53_Release|Win32
		{99CCCC0B-644E-40EA-A988-F19FF1D9979D}.XMC48_Debug|Win32.ActiveCfg = XMC48_Debug|Win32
		{99CCCC0B-644E-40EA-A988-F19FF1D9979D}.XMC48_Debug|Win32.Build.0 = XMC48_Debug|Win32
		{99CCCC0B-644E-40EA-A988-F19FF1D9979D}.XMC48_Release|Win32.ActiveCfg = XMC48_Release|Win32
		{99CCCC0B-644E-40EA-A988-F19FF1D9979D}.XMC48_Release|Win32.Build.0 = XMC48_Release|Win32
	EndGlobalSection
	GlobalSection(SolutionProperties) = preSolution
		HideSolutionNode = FALSE
	EndGlobalSection
EndGlobal
